// !$*UTF8*$!
{
	archiveVersion = 1;
	classes = {
	};
	objectVersion = 52;
	objects = {

/* Begin PBXBuildFile section */
		3A7E5A8526805904002040AF /* MainGroupItemCell.swift in Sources */ = {isa = PBXBuildFile; fileRef = 3A7E5A8326805904002040AF /* MainGroupItemCell.swift */; };
		3A7E5A8626805904002040AF /* MainGroupItemCell.xib in Resources */ = {isa = PBXBuildFile; fileRef = 3A7E5A8426805904002040AF /* MainGroupItemCell.xib */; };
		3ADABD972663DE06008EA264 /* AppDelegate.swift in Sources */ = {isa = PBXBuildFile; fileRef = 3ADABD962663DE06008EA264 /* AppDelegate.swift */; };
		3ADABD992663DE06008EA264 /* SceneDelegate.swift in Sources */ = {isa = PBXBuildFile; fileRef = 3ADABD982663DE06008EA264 /* SceneDelegate.swift */; };
		3ADABD9B2663DE06008EA264 /* MainViewController.swift in Sources */ = {isa = PBXBuildFile; fileRef = 3ADABD9A2663DE06008EA264 /* MainViewController.swift */; };
		3ADABD9E2663DE06008EA264 /* Main.storyboard in Resources */ = {isa = PBXBuildFile; fileRef = 3ADABD9C2663DE06008EA264 /* Main.storyboard */; };
		3ADABDA02663DE06008EA264 /* Assets.xcassets in Resources */ = {isa = PBXBuildFile; fileRef = 3ADABD9F2663DE06008EA264 /* Assets.xcassets */; };
		3ADABDA32663DE06008EA264 /* LaunchScreen.storyboard in Resources */ = {isa = PBXBuildFile; fileRef = 3ADABDA12663DE06008EA264 /* LaunchScreen.storyboard */; };
		3ADABDBE26640DAA008EA264 /* InfoPlist.strings in Resources */ = {isa = PBXBuildFile; fileRef = 3ADABDC026640DAA008EA264 /* InfoPlist.strings */; };
		3ADABDC8266422A4008EA264 /* Lottie in Frameworks */ = {isa = PBXBuildFile; productRef = 3ADABDC7266422A4008EA264 /* Lottie */; };
		3ADABDCC26642957008EA264 /* FirebaseAnalytics in Frameworks */ = {isa = PBXBuildFile; productRef = 3ADABDCB26642957008EA264 /* FirebaseAnalytics */; };
		3ADABDCE26642957008EA264 /* FirebaseDynamicLinks in Frameworks */ = {isa = PBXBuildFile; productRef = 3ADABDCD26642957008EA264 /* FirebaseDynamicLinks */; };
		3ADABDD12664D5AC008EA264 /* UIColor+Additions.swift in Sources */ = {isa = PBXBuildFile; fileRef = 3ADABDD02664D5AC008EA264 /* UIColor+Additions.swift */; };
		3ADABDDA2666822F008EA264 /* UIFont+Additions.swift in Sources */ = {isa = PBXBuildFile; fileRef = 3ADABDD92666822F008EA264 /* UIFont+Additions.swift */; };
		3AFD1727267B1C0C00F52190 /* MainTableViewTitleCell.swift in Sources */ = {isa = PBXBuildFile; fileRef = 3AFD1725267B1C0C00F52190 /* MainTableViewTitleCell.swift */; };
		3AFD1728267B1C0C00F52190 /* MainTableViewTitleCell.xib in Resources */ = {isa = PBXBuildFile; fileRef = 3AFD1726267B1C0C00F52190 /* MainTableViewTitleCell.xib */; };
		3AFD172D267CE6FE00F52190 /* MainWritingDiaryListCell.swift in Sources */ = {isa = PBXBuildFile; fileRef = 3AFD172B267CE6FE00F52190 /* MainWritingDiaryListCell.swift */; };
		3AFD172E267CE6FE00F52190 /* MainWritingDiaryListCell.xib in Resources */ = {isa = PBXBuildFile; fileRef = 3AFD172C267CE6FE00F52190 /* MainWritingDiaryListCell.xib */; };
		3AFD1741267E44BA00F52190 /* MainFullDiaryListCell.swift in Sources */ = {isa = PBXBuildFile; fileRef = 3AFD173F267E44BA00F52190 /* MainFullDiaryListCell.swift */; };
		3AFD1742267E44BA00F52190 /* MainFullDiaryListCell.xib in Resources */ = {isa = PBXBuildFile; fileRef = 3AFD1740267E44BA00F52190 /* MainFullDiaryListCell.xib */; };
		3AFD174B267E581B00F52190 /* MainWritingDiaryItemCell.swift in Sources */ = {isa = PBXBuildFile; fileRef = 3AFD1749267E581B00F52190 /* MainWritingDiaryItemCell.swift */; };
		3AFD174C267E581B00F52190 /* MainWritingDiaryItemCell.xib in Resources */ = {isa = PBXBuildFile; fileRef = 3AFD174A267E581B00F52190 /* MainWritingDiaryItemCell.xib */; };
/* End PBXBuildFile section */

/* Begin PBXFileReference section */
		3A7E5A8326805904002040AF /* MainGroupItemCell.swift */ = {isa = PBXFileReference; lastKnownFileType = sourcecode.swift; path = MainGroupItemCell.swift; sourceTree = "<group>"; };
		3A7E5A8426805904002040AF /* MainGroupItemCell.xib */ = {isa = PBXFileReference; lastKnownFileType = file.xib; path = MainGroupItemCell.xib; sourceTree = "<group>"; };
		3ADABD932663DE06008EA264 /* ExchangeDiary_iOS.app */ = {isa = PBXFileReference; explicitFileType = wrapper.application; includeInIndex = 0; path = ExchangeDiary_iOS.app; sourceTree = BUILT_PRODUCTS_DIR; };
		3ADABD962663DE06008EA264 /* AppDelegate.swift */ = {isa = PBXFileReference; lastKnownFileType = sourcecode.swift; path = AppDelegate.swift; sourceTree = "<group>"; };
		3ADABD982663DE06008EA264 /* SceneDelegate.swift */ = {isa = PBXFileReference; lastKnownFileType = sourcecode.swift; path = SceneDelegate.swift; sourceTree = "<group>"; };
		3ADABD9A2663DE06008EA264 /* MainViewController.swift */ = {isa = PBXFileReference; lastKnownFileType = sourcecode.swift; path = MainViewController.swift; sourceTree = "<group>"; };
		3ADABD9D2663DE06008EA264 /* Base */ = {isa = PBXFileReference; lastKnownFileType = file.storyboard; name = Base; path = Base.lproj/Main.storyboard; sourceTree = "<group>"; };
		3ADABD9F2663DE06008EA264 /* Assets.xcassets */ = {isa = PBXFileReference; lastKnownFileType = folder.assetcatalog; path = Assets.xcassets; sourceTree = "<group>"; };
		3ADABDA22663DE06008EA264 /* Base */ = {isa = PBXFileReference; lastKnownFileType = file.storyboard; name = Base; path = Base.lproj/LaunchScreen.storyboard; sourceTree = "<group>"; };
		3ADABDA42663DE06008EA264 /* Info.plist */ = {isa = PBXFileReference; lastKnownFileType = text.plist.xml; path = Info.plist; sourceTree = "<group>"; };
		3ADABDBF26640DAA008EA264 /* en */ = {isa = PBXFileReference; lastKnownFileType = text.plist.strings; name = en; path = en.lproj/InfoPlist.strings; sourceTree = "<group>"; };
		3ADABDC226640DED008EA264 /* ko */ = {isa = PBXFileReference; lastKnownFileType = text.plist.strings; name = ko; path = ko.lproj/InfoPlist.strings; sourceTree = "<group>"; };
		3ADABDD02664D5AC008EA264 /* UIColor+Additions.swift */ = {isa = PBXFileReference; fileEncoding = 4; lastKnownFileType = sourcecode.swift; path = "UIColor+Additions.swift"; sourceTree = "<group>"; };
		3ADABDD92666822F008EA264 /* UIFont+Additions.swift */ = {isa = PBXFileReference; lastKnownFileType = sourcecode.swift; path = "UIFont+Additions.swift"; sourceTree = "<group>"; };
		3AFD1725267B1C0C00F52190 /* MainTableViewTitleCell.swift */ = {isa = PBXFileReference; lastKnownFileType = sourcecode.swift; path = MainTableViewTitleCell.swift; sourceTree = "<group>"; };
		3AFD1726267B1C0C00F52190 /* MainTableViewTitleCell.xib */ = {isa = PBXFileReference; lastKnownFileType = file.xib; path = MainTableViewTitleCell.xib; sourceTree = "<group>"; };
		3AFD172B267CE6FE00F52190 /* MainWritingDiaryListCell.swift */ = {isa = PBXFileReference; lastKnownFileType = sourcecode.swift; path = MainWritingDiaryListCell.swift; sourceTree = "<group>"; };
		3AFD172C267CE6FE00F52190 /* MainWritingDiaryListCell.xib */ = {isa = PBXFileReference; lastKnownFileType = file.xib; path = MainWritingDiaryListCell.xib; sourceTree = "<group>"; };
		3AFD173F267E44BA00F52190 /* MainFullDiaryListCell.swift */ = {isa = PBXFileReference; lastKnownFileType = sourcecode.swift; path = MainFullDiaryListCell.swift; sourceTree = "<group>"; };
		3AFD1740267E44BA00F52190 /* MainFullDiaryListCell.xib */ = {isa = PBXFileReference; lastKnownFileType = file.xib; path = MainFullDiaryListCell.xib; sourceTree = "<group>"; };
		3AFD1749267E581B00F52190 /* MainWritingDiaryItemCell.swift */ = {isa = PBXFileReference; lastKnownFileType = sourcecode.swift; path = MainWritingDiaryItemCell.swift; sourceTree = "<group>"; };
		3AFD174A267E581B00F52190 /* MainWritingDiaryItemCell.xib */ = {isa = PBXFileReference; lastKnownFileType = file.xib; path = MainWritingDiaryItemCell.xib; sourceTree = "<group>"; };
/* End PBXFileReference section */

/* Begin PBXFrameworksBuildPhase section */
		3ADABD902663DE06008EA264 /* Frameworks */ = {
			isa = PBXFrameworksBuildPhase;
			buildActionMask = 2147483647;
			files = (
				3ADABDCC26642957008EA264 /* FirebaseAnalytics in Frameworks */,
				3ADABDC8266422A4008EA264 /* Lottie in Frameworks */,
				3ADABDCE26642957008EA264 /* FirebaseDynamicLinks in Frameworks */,
			);
			runOnlyForDeploymentPostprocessing = 0;
		};
/* End PBXFrameworksBuildPhase section */

/* Begin PBXGroup section */
		3ADABD8A2663DE06008EA264 = {
			isa = PBXGroup;
			children = (
				3ADABD952663DE06008EA264 /* ExchangeDiary_iOS */,
				3ADABD942663DE06008EA264 /* Products */,
			);
			sourceTree = "<group>";
		};
		3ADABD942663DE06008EA264 /* Products */ = {
			isa = PBXGroup;
			children = (
				3ADABD932663DE06008EA264 /* ExchangeDiary_iOS.app */,
			);
			name = Products;
			sourceTree = "<group>";
		};
		3ADABD952663DE06008EA264 /* ExchangeDiary_iOS */ = {
			isa = PBXGroup;
			children = (
				3AFD1719267B1B8B00F52190 /* Main */,
				3ADABDD32664D5B5008EA264 /* Extensions */,
				3ADABD962663DE06008EA264 /* AppDelegate.swift */,
				3ADABD982663DE06008EA264 /* SceneDelegate.swift */,
				3ADABDA12663DE06008EA264 /* LaunchScreen.storyboard */,
				3ADABDA42663DE06008EA264 /* Info.plist */,
				3ADABDC026640DAA008EA264 /* InfoPlist.strings */,
				3ADABD9F2663DE06008EA264 /* Assets.xcassets */,
			);
			path = ExchangeDiary_iOS;
			sourceTree = "<group>";
		};
		3ADABDD32664D5B5008EA264 /* Extensions */ = {
			isa = PBXGroup;
			children = (
				3ADABDD02664D5AC008EA264 /* UIColor+Additions.swift */,
				3ADABDD92666822F008EA264 /* UIFont+Additions.swift */,
			);
			path = Extensions;
			sourceTree = "<group>";
		};
		3AFD1719267B1B8B00F52190 /* Main */ = {
			isa = PBXGroup;
			children = (
				3ADABD9C2663DE06008EA264 /* Main.storyboard */,
				3ADABD9A2663DE06008EA264 /* MainViewController.swift */,
				3AFD171A267B1B9700F52190 /* Cell */,
			);
			path = Main;
			sourceTree = "<group>";
		};
		3AFD171A267B1B9700F52190 /* Cell */ = {
			isa = PBXGroup;
			children = (
				3AFD1725267B1C0C00F52190 /* MainTableViewTitleCell.swift */,
				3AFD1726267B1C0C00F52190 /* MainTableViewTitleCell.xib */,
				3AFD172B267CE6FE00F52190 /* MainWritingDiaryListCell.swift */,
				3AFD172C267CE6FE00F52190 /* MainWritingDiaryListCell.xib */,
				3AFD173F267E44BA00F52190 /* MainFullDiaryListCell.swift */,
				3AFD1740267E44BA00F52190 /* MainFullDiaryListCell.xib */,
				3AFD1744267E57D100F52190 /* SubCell */,
			);
			path = Cell;
			sourceTree = "<group>";
		};
		3AFD1744267E57D100F52190 /* SubCell */ = {
			isa = PBXGroup;
			children = (
				3AFD1749267E581B00F52190 /* MainWritingDiaryItemCell.swift */,
				3AFD174A267E581B00F52190 /* MainWritingDiaryItemCell.xib */,
				3A7E5A8326805904002040AF /* MainGroupItemCell.swift */,
				3A7E5A8426805904002040AF /* MainGroupItemCell.xib */,
			);
			path = SubCell;
			sourceTree = "<group>";
		};
/* End PBXGroup section */

/* Begin PBXNativeTarget section */
		3ADABD922663DE06008EA264 /* ExchangeDiary_iOS */ = {
			isa = PBXNativeTarget;
			buildConfigurationList = 3ADABDA72663DE06008EA264 /* Build configuration list for PBXNativeTarget "ExchangeDiary_iOS" */;
			buildPhases = (
				3ADABDC4266414FF008EA264 /* SwiftLint Script */,
				3ADABD8F2663DE06008EA264 /* Sources */,
				3ADABD902663DE06008EA264 /* Frameworks */,
				3ADABD912663DE06008EA264 /* Resources */,
			);
			buildRules = (
			);
			dependencies = (
			);
			name = ExchangeDiary_iOS;
			packageProductDependencies = (
				3ADABDC7266422A4008EA264 /* Lottie */,
				3ADABDCB26642957008EA264 /* FirebaseAnalytics */,
				3ADABDCD26642957008EA264 /* FirebaseDynamicLinks */,
			);
			productName = ExchangeDiary_iOS;
			productReference = 3ADABD932663DE06008EA264 /* ExchangeDiary_iOS.app */;
			productType = "com.apple.product-type.application";
		};
/* End PBXNativeTarget section */

/* Begin PBXProject section */
		3ADABD8B2663DE06008EA264 /* Project object */ = {
			isa = PBXProject;
			attributes = {
				LastSwiftUpdateCheck = 1240;
				LastUpgradeCheck = 1240;
				TargetAttributes = {
					3ADABD922663DE06008EA264 = {
						CreatedOnToolsVersion = 12.4;
					};
				};
			};
			buildConfigurationList = 3ADABD8E2663DE06008EA264 /* Build configuration list for PBXProject "ExchangeDiary_iOS" */;
			compatibilityVersion = "Xcode 9.3";
			developmentRegion = en;
			hasScannedForEncodings = 0;
			knownRegions = (
				en,
				Base,
				ko,
			);
			mainGroup = 3ADABD8A2663DE06008EA264;
			packageReferences = (
				3ADABDC6266422A4008EA264 /* XCRemoteSwiftPackageReference "lottie-ios" */,
				3ADABDCA26642957008EA264 /* XCRemoteSwiftPackageReference "firebase-ios-sdk" */,
			);
			productRefGroup = 3ADABD942663DE06008EA264 /* Products */;
			projectDirPath = "";
			projectRoot = "";
			targets = (
				3ADABD922663DE06008EA264 /* ExchangeDiary_iOS */,
			);
		};
/* End PBXProject section */

/* Begin PBXResourcesBuildPhase section */
		3ADABD912663DE06008EA264 /* Resources */ = {
			isa = PBXResourcesBuildPhase;
			buildActionMask = 2147483647;
			files = (
				3ADABDA32663DE06008EA264 /* LaunchScreen.storyboard in Resources */,
				3ADABDBE26640DAA008EA264 /* InfoPlist.strings in Resources */,
				3ADABDA02663DE06008EA264 /* Assets.xcassets in Resources */,
				3AFD172E267CE6FE00F52190 /* MainWritingDiaryListCell.xib in Resources */,
				3A7E5A8626805904002040AF /* MainGroupItemCell.xib in Resources */,
				3AFD1728267B1C0C00F52190 /* MainTableViewTitleCell.xib in Resources */,
				3ADABD9E2663DE06008EA264 /* Main.storyboard in Resources */,
				3AFD174C267E581B00F52190 /* MainWritingDiaryItemCell.xib in Resources */,
				3AFD1742267E44BA00F52190 /* MainFullDiaryListCell.xib in Resources */,
			);
			runOnlyForDeploymentPostprocessing = 0;
		};
/* End PBXResourcesBuildPhase section */

/* Begin PBXShellScriptBuildPhase section */
		3ADABDC4266414FF008EA264 /* SwiftLint Script */ = {
			isa = PBXShellScriptBuildPhase;
			buildActionMask = 2147483647;
			files = (
			);
			inputFileListPaths = (
			);
			inputPaths = (
			);
			name = "SwiftLint Script";
			outputFileListPaths = (
			);
			outputPaths = (
			);
			runOnlyForDeploymentPostprocessing = 0;
			shellPath = /bin/sh;
			shellScript = "# Type a script or drag a script file from your workspace to insert its path.\nif which swiftlint >/dev/null; then\n  swiftlint\nelse\n  echo \"warning: SwiftLint not installed, download from https://github.com/realm/SwiftLint\"\nfi\n";
		};
/* End PBXShellScriptBuildPhase section */

/* Begin PBXSourcesBuildPhase section */
		3ADABD8F2663DE06008EA264 /* Sources */ = {
			isa = PBXSourcesBuildPhase;
			buildActionMask = 2147483647;
			files = (
				3AFD174B267E581B00F52190 /* MainWritingDiaryItemCell.swift in Sources */,
				3AFD172D267CE6FE00F52190 /* MainWritingDiaryListCell.swift in Sources */,
				3ADABD9B2663DE06008EA264 /* MainViewController.swift in Sources */,
				3ADABDDA2666822F008EA264 /* UIFont+Additions.swift in Sources */,
				3AFD1741267E44BA00F52190 /* MainFullDiaryListCell.swift in Sources */,
				3ADABDD12664D5AC008EA264 /* UIColor+Additions.swift in Sources */,
				3AFD1727267B1C0C00F52190 /* MainTableViewTitleCell.swift in Sources */,
				3A7E5A8526805904002040AF /* MainGroupItemCell.swift in Sources */,
				3ADABD972663DE06008EA264 /* AppDelegate.swift in Sources */,
				3ADABD992663DE06008EA264 /* SceneDelegate.swift in Sources */,
			);
			runOnlyForDeploymentPostprocessing = 0;
		};
/* End PBXSourcesBuildPhase section */

/* Begin PBXVariantGroup section */
		3ADABD9C2663DE06008EA264 /* Main.storyboard */ = {
			isa = PBXVariantGroup;
			children = (
				3ADABD9D2663DE06008EA264 /* Base */,
			);
			name = Main.storyboard;
			sourceTree = "<group>";
		};
		3ADABDA12663DE06008EA264 /* LaunchScreen.storyboard */ = {
			isa = PBXVariantGroup;
			children = (
				3ADABDA22663DE06008EA264 /* Base */,
			);
			name = LaunchScreen.storyboard;
			sourceTree = "<group>";
		};
		3ADABDC026640DAA008EA264 /* InfoPlist.strings */ = {
			isa = PBXVariantGroup;
			children = (
				3ADABDBF26640DAA008EA264 /* en */,
				3ADABDC226640DED008EA264 /* ko */,
			);
			name = InfoPlist.strings;
			sourceTree = "<group>";
		};
/* End PBXVariantGroup section */

/* Begin XCBuildConfiguration section */
		3ADABDA52663DE06008EA264 /* Debug */ = {
			isa = XCBuildConfiguration;
			buildSettings = {
				ALWAYS_SEARCH_USER_PATHS = NO;
				CLANG_ANALYZER_LOCALIZABILITY_NONLOCALIZED = YES;
				CLANG_ANALYZER_NONNULL = YES;
				CLANG_ANALYZER_NUMBER_OBJECT_CONVERSION = YES_AGGRESSIVE;
				CLANG_CXX_LANGUAGE_STANDARD = "gnu++14";
				CLANG_CXX_LIBRARY = "libc++";
				CLANG_ENABLE_MODULES = YES;
				CLANG_ENABLE_OBJC_ARC = YES;
				CLANG_ENABLE_OBJC_WEAK = YES;
				CLANG_WARN_BLOCK_CAPTURE_AUTORELEASING = YES;
				CLANG_WARN_BOOL_CONVERSION = YES;
				CLANG_WARN_COMMA = YES;
				CLANG_WARN_CONSTANT_CONVERSION = YES;
				CLANG_WARN_DEPRECATED_OBJC_IMPLEMENTATIONS = YES;
				CLANG_WARN_DIRECT_OBJC_ISA_USAGE = YES_ERROR;
				CLANG_WARN_DOCUMENTATION_COMMENTS = YES;
				CLANG_WARN_EMPTY_BODY = YES;
				CLANG_WARN_ENUM_CONVERSION = YES;
				CLANG_WARN_INFINITE_RECURSION = YES;
				CLANG_WARN_INT_CONVERSION = YES;
				CLANG_WARN_NON_LITERAL_NULL_CONVERSION = YES;
				CLANG_WARN_OBJC_IMPLICIT_RETAIN_SELF = YES;
				CLANG_WARN_OBJC_LITERAL_CONVERSION = YES;
				CLANG_WARN_OBJC_ROOT_CLASS = YES_ERROR;
				CLANG_WARN_QUOTED_INCLUDE_IN_FRAMEWORK_HEADER = YES;
				CLANG_WARN_RANGE_LOOP_ANALYSIS = YES;
				CLANG_WARN_STRICT_PROTOTYPES = YES;
				CLANG_WARN_SUSPICIOUS_MOVE = YES;
				CLANG_WARN_UNGUARDED_AVAILABILITY = YES_AGGRESSIVE;
				CLANG_WARN_UNREACHABLE_CODE = YES;
				CLANG_WARN__DUPLICATE_METHOD_MATCH = YES;
				COPY_PHASE_STRIP = NO;
				DEBUG_INFORMATION_FORMAT = dwarf;
				ENABLE_STRICT_OBJC_MSGSEND = YES;
				ENABLE_TESTABILITY = YES;
				GCC_C_LANGUAGE_STANDARD = gnu11;
				GCC_DYNAMIC_NO_PIC = NO;
				GCC_NO_COMMON_BLOCKS = YES;
				GCC_OPTIMIZATION_LEVEL = 0;
				GCC_PREPROCESSOR_DEFINITIONS = (
					"DEBUG=1",
					"$(inherited)",
				);
				GCC_WARN_64_TO_32_BIT_CONVERSION = YES;
				GCC_WARN_ABOUT_RETURN_TYPE = YES_ERROR;
				GCC_WARN_UNDECLARED_SELECTOR = YES;
				GCC_WARN_UNINITIALIZED_AUTOS = YES_AGGRESSIVE;
				GCC_WARN_UNUSED_FUNCTION = YES;
				GCC_WARN_UNUSED_VARIABLE = YES;
				IPHONEOS_DEPLOYMENT_TARGET = 13.0;
				MTL_ENABLE_DEBUG_INFO = INCLUDE_SOURCE;
				MTL_FAST_MATH = YES;
				ONLY_ACTIVE_ARCH = YES;
				SDKROOT = iphoneos;
				SWIFT_ACTIVE_COMPILATION_CONDITIONS = DEBUG;
				SWIFT_OPTIMIZATION_LEVEL = "-Onone";
			};
			name = Debug;
		};
		3ADABDA62663DE06008EA264 /* Release */ = {
			isa = XCBuildConfiguration;
			buildSettings = {
				ALWAYS_SEARCH_USER_PATHS = NO;
				CLANG_ANALYZER_LOCALIZABILITY_NONLOCALIZED = YES;
				CLANG_ANALYZER_NONNULL = YES;
				CLANG_ANALYZER_NUMBER_OBJECT_CONVERSION = YES_AGGRESSIVE;
				CLANG_CXX_LANGUAGE_STANDARD = "gnu++14";
				CLANG_CXX_LIBRARY = "libc++";
				CLANG_ENABLE_MODULES = YES;
				CLANG_ENABLE_OBJC_ARC = YES;
				CLANG_ENABLE_OBJC_WEAK = YES;
				CLANG_WARN_BLOCK_CAPTURE_AUTORELEASING = YES;
				CLANG_WARN_BOOL_CONVERSION = YES;
				CLANG_WARN_COMMA = YES;
				CLANG_WARN_CONSTANT_CONVERSION = YES;
				CLANG_WARN_DEPRECATED_OBJC_IMPLEMENTATIONS = YES;
				CLANG_WARN_DIRECT_OBJC_ISA_USAGE = YES_ERROR;
				CLANG_WARN_DOCUMENTATION_COMMENTS = YES;
				CLANG_WARN_EMPTY_BODY = YES;
				CLANG_WARN_ENUM_CONVERSION = YES;
				CLANG_WARN_INFINITE_RECURSION = YES;
				CLANG_WARN_INT_CONVERSION = YES;
				CLANG_WARN_NON_LITERAL_NULL_CONVERSION = YES;
				CLANG_WARN_OBJC_IMPLICIT_RETAIN_SELF = YES;
				CLANG_WARN_OBJC_LITERAL_CONVERSION = YES;
				CLANG_WARN_OBJC_ROOT_CLASS = YES_ERROR;
				CLANG_WARN_QUOTED_INCLUDE_IN_FRAMEWORK_HEADER = YES;
				CLANG_WARN_RANGE_LOOP_ANALYSIS = YES;
				CLANG_WARN_STRICT_PROTOTYPES = YES;
				CLANG_WARN_SUSPICIOUS_MOVE = YES;
				CLANG_WARN_UNGUARDED_AVAILABILITY = YES_AGGRESSIVE;
				CLANG_WARN_UNREACHABLE_CODE = YES;
				CLANG_WARN__DUPLICATE_METHOD_MATCH = YES;
				COPY_PHASE_STRIP = NO;
				DEBUG_INFORMATION_FORMAT = "dwarf-with-dsym";
				ENABLE_NS_ASSERTIONS = NO;
				ENABLE_STRICT_OBJC_MSGSEND = YES;
				GCC_C_LANGUAGE_STANDARD = gnu11;
				GCC_NO_COMMON_BLOCKS = YES;
				GCC_WARN_64_TO_32_BIT_CONVERSION = YES;
				GCC_WARN_ABOUT_RETURN_TYPE = YES_ERROR;
				GCC_WARN_UNDECLARED_SELECTOR = YES;
				GCC_WARN_UNINITIALIZED_AUTOS = YES_AGGRESSIVE;
				GCC_WARN_UNUSED_FUNCTION = YES;
				GCC_WARN_UNUSED_VARIABLE = YES;
				IPHONEOS_DEPLOYMENT_TARGET = 13.0;
				MTL_ENABLE_DEBUG_INFO = NO;
				MTL_FAST_MATH = YES;
				SDKROOT = iphoneos;
				SWIFT_COMPILATION_MODE = wholemodule;
				SWIFT_OPTIMIZATION_LEVEL = "-O";
				VALIDATE_PRODUCT = YES;
			};
			name = Release;
		};
		3ADABDA82663DE06008EA264 /* Debug */ = {
			isa = XCBuildConfiguration;
			buildSettings = {
				ASSETCATALOG_COMPILER_APPICON_NAME = AppIcon;
				ASSETCATALOG_COMPILER_GLOBAL_ACCENT_COLOR_NAME = AccentColor;
				CODE_SIGN_STYLE = Automatic;
				DEVELOPMENT_TEAM = 4PFQJNQ37T;
				INFOPLIST_FILE = ExchangeDiary_iOS/Info.plist;
				LD_RUNPATH_SEARCH_PATHS = (
					"$(inherited)",
					"@executable_path/Frameworks",
				);
				PRODUCT_BUNDLE_IDENTIFIER = "com.project.tngusmiso.ExchangeDiary-iOS";
				PRODUCT_NAME = "$(TARGET_NAME)";
				SWIFT_VERSION = 5.0;
				TARGETED_DEVICE_FAMILY = "1,2";
			};
			name = Debug;
		};
		3ADABDA92663DE06008EA264 /* Release */ = {
			isa = XCBuildConfiguration;
			buildSettings = {
				ASSETCATALOG_COMPILER_APPICON_NAME = AppIcon;
				ASSETCATALOG_COMPILER_GLOBAL_ACCENT_COLOR_NAME = AccentColor;
				CODE_SIGN_STYLE = Automatic;
				DEVELOPMENT_TEAM = 4PFQJNQ37T;
				INFOPLIST_FILE = ExchangeDiary_iOS/Info.plist;
				LD_RUNPATH_SEARCH_PATHS = (
					"$(inherited)",
					"@executable_path/Frameworks",
				);
				PRODUCT_BUNDLE_IDENTIFIER = "com.project.tngusmiso.ExchangeDiary-iOS";
				PRODUCT_NAME = "$(TARGET_NAME)";
				SWIFT_VERSION = 5.0;
				TARGETED_DEVICE_FAMILY = "1,2";
			};
			name = Release;
		};
/* End XCBuildConfiguration section */

/* Begin XCConfigurationList section */
		3ADABD8E2663DE06008EA264 /* Build configuration list for PBXProject "ExchangeDiary_iOS" */ = {
			isa = XCConfigurationList;
			buildConfigurations = (
				3ADABDA52663DE06008EA264 /* Debug */,
				3ADABDA62663DE06008EA264 /* Release */,
			);
			defaultConfigurationIsVisible = 0;
			defaultConfigurationName = Release;
		};
		3ADABDA72663DE06008EA264 /* Build configuration list for PBXNativeTarget "ExchangeDiary_iOS" */ = {
			isa = XCConfigurationList;
			buildConfigurations = (
				3ADABDA82663DE06008EA264 /* Debug */,
				3ADABDA92663DE06008EA264 /* Release */,
			);
			defaultConfigurationIsVisible = 0;
			defaultConfigurationName = Release;
		};
/* End XCConfigurationList section */

/* Begin XCRemoteSwiftPackageReference section */
		3ADABDC6266422A4008EA264 /* XCRemoteSwiftPackageReference "lottie-ios" */ = {
			isa = XCRemoteSwiftPackageReference;
			repositoryURL = "https://github.com/airbnb/lottie-ios";
			requirement = {
				kind = upToNextMajorVersion;
				minimumVersion = 3.2.3;
			};
		};
		3ADABDCA26642957008EA264 /* XCRemoteSwiftPackageReference "firebase-ios-sdk" */ = {
			isa = XCRemoteSwiftPackageReference;
			repositoryURL = "https://github.com/firebase/firebase-ios-sdk.git";
			requirement = {
				kind = upToNextMajorVersion;
				minimumVersion = 8.0.0;
			};
		};
/* End XCRemoteSwiftPackageReference section */

/* Begin XCSwiftPackageProductDependency section */
		3ADABDC7266422A4008EA264 /* Lottie */ = {
			isa = XCSwiftPackageProductDependency;
			package = 3ADABDC6266422A4008EA264 /* XCRemoteSwiftPackageReference "lottie-ios" */;
			productName = Lottie;
		};
		3ADABDCB26642957008EA264 /* FirebaseAnalytics */ = {
			isa = XCSwiftPackageProductDependency;
			package = 3ADABDCA26642957008EA264 /* XCRemoteSwiftPackageReference "firebase-ios-sdk" */;
			productName = FirebaseAnalytics;
		};
		3ADABDCD26642957008EA264 /* FirebaseDynamicLinks */ = {
			isa = XCSwiftPackageProductDependency;
			package = 3ADABDCA26642957008EA264 /* XCRemoteSwiftPackageReference "firebase-ios-sdk" */;
			productName = FirebaseDynamicLinks;
		};
/* End XCSwiftPackageProductDependency section */
	};
	rootObject = 3ADABD8B2663DE06008EA264 /* Project object */;
}
